
Microsoft Visual Studio Solution File, Format Version 12.00
# Visual Studio Version 17
VisualStudioVersion = 17.1.32328.378
MinimumVisualStudioVersion = 10.0.40219.1
Project("{9A19103F-16F7-4668-BE54-9A1E7A4F7556}") = "IFEditedDoc", "IFEditedDoc.csproj", "{4D91BE46-2E54-44D4-831C-3186868CCA5D}"
EndProject
Global
	GlobalSection(SolutionConfigurationPlatforms) = preSolution
		Debug|Any CPU = Debug|Any CPU
		Release|Any CPU = Release|Any CPU
	EndGlobalSection
	GlobalSection(ProjectConfigurationPlatforms) = postSolution
		{4D91BE46-2E54-44D4-831C-3186868CCA5D}.Debug|Any CPU.ActiveCfg = Debug|Any CPU
		{4D91BE46-2E54-44D4-831C-3186868CCA5D}.Debug|Any CPU.Build.0 = Debug|Any CPU
		{4D91BE46-2E54-44D4-831C-3186868CCA5D}.Release|Any CPU.ActiveCfg = Release|Any CPU
		{4D91BE46-2E54-44D4-831C-3186868CCA5D}.Release|Any CPU.Build.0 = Release|Any CPU
	EndGlobalSection
	GlobalSection(SolutionProperties) = preSolution
		HideSolutionNode = FALSE
	EndGlobalSection
	GlobalSection(ExtensibilityGlobals) = postSolution
		SolutionGuid = {2B5BD187-5108-4EDB-A87C-DF8736CA327C}
	EndGlobalSection
EndGlobal
